
Microsoft Visual Studio Solution File, Format Version 12.00
Project("{FAE04EC0-301F-11D3-BF4B-00C04F79EFBC}") = "ImageProcessingBenchmarks", "ImageProcessingBenchmarks\ImageProcessingBenchmarks.csproj", "{07F561CD-EDF6-4DBD-B3B4-53ED2D5BE114}"
EndProject
Global
	GlobalSection(SolutionConfigurationPlatforms) = preSolution
		Debug|Any CPU = Debug|Any CPU
		Release|Any CPU = Release|Any CPU
	EndGlobalSection
	GlobalSection(ProjectConfigurationPlatforms) = postSolution
		{07F561CD-EDF6-4DBD-B3B4-53ED2D5BE114}.Debug|Any CPU.ActiveCfg = Debug|Any CPU
		{07F561CD-EDF6-4DBD-B3B4-53ED2D5BE114}.Debug|Any CPU.Build.0 = Debug|Any CPU
		{07F561CD-EDF6-4DBD-B3B4-53ED2D5BE114}.Release|Any CPU.ActiveCfg = Release|Any CPU
		{07F561CD-EDF6-4DBD-B3B4-53ED2D5BE114}.Release|Any CPU.Build.0 = Release|Any CPU
	EndGlobalSection
EndGlobal
